
Microsoft Visual Studio Solution File, Format Version 12.00
# Visual Studio 15
VisualStudioVersion = 15.0.28010.2046
MinimumVisualStudioVersion = 10.0.40219.1
Project("{FAE04EC0-301F-11D3-BF4B-00C04F79EFBC}") = "Base64Decoder", "Base64Decoder\Base64Decoder.csproj", "{F5CC86FD-F6AE-4B2D-B097-F9BF19E08B20}"
EndProject
Global
	GlobalSection(SolutionConfigurationPlatforms) = preSolution
		Debug|Any CPU = Debug|Any CPU
		Release|Any CPU = Release|Any CPU
	EndGlobalSection
	GlobalSection(ProjectConfigurationPlatforms) = postSolution
		{F5CC86FD-F6AE-4B2D-B097-F9BF19E08B20}.Debug|Any CPU.ActiveCfg = Debug|Any CPU
		{F5CC86FD-F6AE-4B2D-B097-F9BF19E08B20}.Debug|Any CPU.Build.0 = Debug|Any CPU
		{F5CC86FD-F6AE-4B2D-B097-F9BF19E08B20}.Release|Any CPU.ActiveCfg = Release|Any CPU
		{F5CC86FD-F6AE-4B2D-B097-F9BF19E08B20}.Release|Any CPU.Build.0 = Release|Any CPU
	EndGlobalSection
	GlobalSection(SolutionProperties) = preSolution
		HideSolutionNode = FALSE
	EndGlobalSection
	GlobalSection(ExtensibilityGlobals) = postSolution
		SolutionGuid = {9E2E913A-3351-483B-8B30-47086CF3DC8D}
	EndGlobalSection
EndGlobal
